
Microsoft Visual Studio Solution File, Format Version 12.00
# Visual Studio Version 17
VisualStudioVersion = 17.11.35327.3
MinimumVisualStudioVersion = 10.0.40219.1
Project("{9A19103F-16F7-4668-BE54-9A1E7A4F7556}") = "CodeTraining", "CodeTraining\CodeTraining.csproj", "{988D25A3-4B49-45C9-BC27-1D7F62E55D19}"
EndProject
Global
	GlobalSection(SolutionConfigurationPlatforms) = preSolution
		Debug|Any CPU = Debug|Any CPU
		Release|Any CPU = Release|Any CPU
	EndGlobalSection
	GlobalSection(ProjectConfigurationPlatforms) = postSolution
		{988D25A3-4B49-45C9-BC27-1D7F62E55D19}.Debug|Any CPU.ActiveCfg = Debug|Any CPU
		{988D25A3-4B49-45C9-BC27-1D7F62E55D19}.Debug|Any CPU.Build.0 = Debug|Any CPU
		{988D25A3-4B49-45C9-BC27-1D7F62E55D19}.Release|Any CPU.ActiveCfg = Release|Any CPU
		{988D25A3-4B49-45C9-BC27-1D7F62E55D19}.Release|Any CPU.Build.0 = Release|Any CPU
	EndGlobalSection
	GlobalSection(SolutionProperties) = preSolution
		HideSolutionNode = FALSE
	EndGlobalSection
	GlobalSection(ExtensibilityGlobals) = postSolution
		SolutionGuid = {BE9ABFB9-0CEA-40B9-8860-B39F576A5FD1}
	EndGlobalSection
EndGlobal
